
Microsoft Visual Studio Solution File, Format Version 12.00
# Visual Studio Version 17
VisualStudioVersion = 17.5.33424.131
MinimumVisualStudioVersion = 10.0.40219.1
Project("{9A19103F-16F7-4668-BE54-9A1E7A4F7556}") = "FastTypingApp", "FastTypingApp\FastTypingApp.csproj", "{3FF33757-BF64-4F2D-82F9-16E9F5979F8D}"
EndProject
Global
	GlobalSection(SolutionConfigurationPlatforms) = preSolution
		Debug|Any CPU = Debug|Any CPU
		Release|Any CPU = Release|Any CPU
	EndGlobalSection
	GlobalSection(ProjectConfigurationPlatforms) = postSolution
		{3FF33757-BF64-4F2D-82F9-16E9F5979F8D}.Debug|Any CPU.ActiveCfg = Debug|Any CPU
		{3FF33757-BF64-4F2D-82F9-16E9F5979F8D}.Debug|Any CPU.Build.0 = Debug|Any CPU
		{3FF33757-BF64-4F2D-82F9-16E9F5979F8D}.Release|Any CPU.ActiveCfg = Release|Any CPU
		{3FF33757-BF64-4F2D-82F9-16E9F5979F8D}.Release|Any CPU.Build.0 = Release|Any CPU
	EndGlobalSection
	GlobalSection(SolutionProperties) = preSolution
		HideSolutionNode = FALSE
	EndGlobalSection
	GlobalSection(ExtensibilityGlobals) = postSolution
		SolutionGuid = {ABF5E111-D5A2-4BA1-B7A9-1A37A59D3F38}
	EndGlobalSection
EndGlobal
